
Microsoft Visual Studio Solution File, Format Version 12.00
# Visual Studio Version 17
VisualStudioVersion = 17.11.35312.102
MinimumVisualStudioVersion = 10.0.40219.1
Project("{FAE04EC0-301F-11D3-BF4B-00C04F79EFBC}") = "PresentationDesktop", "Kolokvijum\PresentationDesktop.csproj", "{139C3D18-8826-4319-8DF4-C009D4F94CAC}"
EndProject
Project("{FAE04EC0-301F-11D3-BF4B-00C04F79EFBC}") = "DataLayer", "DataLayer\DataLayer.csproj", "{02DBCC55-ABE5-46E2-8E2D-40920A582523}"
EndProject
Project("{FAE04EC0-301F-11D3-BF4B-00C04F79EFBC}") = "BusinessLayer", "BusinessLayer\BusinessLayer.csproj", "{CA55F5C8-FE27-4F3F-94AF-CC1B7B5883E5}"
EndProject
Global
	GlobalSection(SolutionConfigurationPlatforms) = preSolution
		Debug|Any CPU = Debug|Any CPU
		Release|Any CPU = Release|Any CPU
	EndGlobalSection
	GlobalSection(ProjectConfigurationPlatforms) = postSolution
		{139C3D18-8826-4319-8DF4-C009D4F94CAC}.Debug|Any CPU.ActiveCfg = Debug|Any CPU
		{139C3D18-8826-4319-8DF4-C009D4F94CAC}.Debug|Any CPU.Build.0 = Debug|Any CPU
		{139C3D18-8826-4319-8DF4-C009D4F94CAC}.Release|Any CPU.ActiveCfg = Release|Any CPU
		{139C3D18-8826-4319-8DF4-C009D4F94CAC}.Release|Any CPU.Build.0 = Release|Any CPU
		{02DBCC55-ABE5-46E2-8E2D-40920A582523}.Debug|Any CPU.ActiveCfg = Debug|Any CPU
		{02DBCC55-ABE5-46E2-8E2D-40920A582523}.Debug|Any CPU.Build.0 = Debug|Any CPU
		{02DBCC55-ABE5-46E2-8E2D-40920A582523}.Release|Any CPU.ActiveCfg = Release|Any CPU
		{02DBCC55-ABE5-46E2-8E2D-40920A582523}.Release|Any CPU.Build.0 = Release|Any CPU
		{CA55F5C8-FE27-4F3F-94AF-CC1B7B5883E5}.Debug|Any CPU.ActiveCfg = Debug|Any CPU
		{CA55F5C8-FE27-4F3F-94AF-CC1B7B5883E5}.Debug|Any CPU.Build.0 = Debug|Any CPU
		{CA55F5C8-FE27-4F3F-94AF-CC1B7B5883E5}.Release|Any CPU.ActiveCfg = Release|Any CPU
		{CA55F5C8-FE27-4F3F-94AF-CC1B7B5883E5}.Release|Any CPU.Build.0 = Release|Any CPU
	EndGlobalSection
	GlobalSection(SolutionProperties) = preSolution
		HideSolutionNode = FALSE
	EndGlobalSection
	GlobalSection(ExtensibilityGlobals) = postSolution
		SolutionGuid = {0097CF2F-985B-474F-9996-EB064465E216}
	EndGlobalSection
EndGlobal
